
Microsoft Visual Studio Solution File, Format Version 12.00
# Visual Studio Version 17
VisualStudioVersion = 17.4.33403.182
MinimumVisualStudioVersion = 10.0.40219.1
Project("{FAE04EC0-301F-11D3-BF4B-00C04F79EFBC}") = "app locale", "app locale\app locale.csproj", "{AC701932-C504-497F-81FC-47ACA63AC593}"
EndProject
Global
	GlobalSection(SolutionConfigurationPlatforms) = preSolution
		Debug|Any CPU = Debug|Any CPU
		Release|Any CPU = Release|Any CPU
	EndGlobalSection
	GlobalSection(ProjectConfigurationPlatforms) = postSolution
		{AC701932-C504-497F-81FC-47ACA63AC593}.Debug|Any CPU.ActiveCfg = Debug|Any CPU
		{AC701932-C504-497F-81FC-47ACA63AC593}.Debug|Any CPU.Build.0 = Debug|Any CPU
		{AC701932-C504-497F-81FC-47ACA63AC593}.Release|Any CPU.ActiveCfg = Release|Any CPU
		{AC701932-C504-497F-81FC-47ACA63AC593}.Release|Any CPU.Build.0 = Release|Any CPU
	EndGlobalSection
	GlobalSection(SolutionProperties) = preSolution
		HideSolutionNode = FALSE
	EndGlobalSection
	GlobalSection(ExtensibilityGlobals) = postSolution
		SolutionGuid = {78DB3D61-8718-4028-9EC9-FF9452B59F09}
	EndGlobalSection
EndGlobal
