
Microsoft Visual Studio Solution File, Format Version 12.00
# Visual Studio Version 17
VisualStudioVersion = 17.4.33213.308
MinimumVisualStudioVersion = 10.0.40219.1
Project("{9A19103F-16F7-4668-BE54-9A1E7A4F7556}") = "EasySave", "EasySave\EasySave.csproj", "{4AF23768-3B3D-4789-A347-129496D746BC}"
EndProject
Project("{FAE04EC0-301F-11D3-BF4B-00C04F79EFBC}") = "Remote", "Remote\Remote.csproj", "{02E756DB-8BF1-44FA-A83B-1B439064EFD5}"
EndProject
Global
	GlobalSection(SolutionConfigurationPlatforms) = preSolution
		Debug|Any CPU = Debug|Any CPU
		Release|Any CPU = Release|Any CPU
	EndGlobalSection
	GlobalSection(ProjectConfigurationPlatforms) = postSolution
		{4AF23768-3B3D-4789-A347-129496D746BC}.Debug|Any CPU.ActiveCfg = Debug|Any CPU
		{4AF23768-3B3D-4789-A347-129496D746BC}.Debug|Any CPU.Build.0 = Debug|Any CPU
		{4AF23768-3B3D-4789-A347-129496D746BC}.Release|Any CPU.ActiveCfg = Release|Any CPU
		{4AF23768-3B3D-4789-A347-129496D746BC}.Release|Any CPU.Build.0 = Release|Any CPU
		{02E756DB-8BF1-44FA-A83B-1B439064EFD5}.Debug|Any CPU.ActiveCfg = Debug|Any CPU
		{02E756DB-8BF1-44FA-A83B-1B439064EFD5}.Debug|Any CPU.Build.0 = Debug|Any CPU
		{02E756DB-8BF1-44FA-A83B-1B439064EFD5}.Release|Any CPU.ActiveCfg = Release|Any CPU
		{02E756DB-8BF1-44FA-A83B-1B439064EFD5}.Release|Any CPU.Build.0 = Release|Any CPU
	EndGlobalSection
	GlobalSection(SolutionProperties) = preSolution
		HideSolutionNode = FALSE
	EndGlobalSection
	GlobalSection(ExtensibilityGlobals) = postSolution
		SolutionGuid = {ECB6BEB2-F5A4-46F8-A035-4612780D57AE}
	EndGlobalSection
EndGlobal
