
Microsoft Visual Studio Solution File, Format Version 12.00
Project("{FAE04EC0-301F-11D3-BF4B-00C04F79EFBC}") = "EasySafe", "EasySafe\EasySafe.csproj", "{FD39B5F2-AE03-44BE-9731-65D6B4B684B7}"
EndProject
Global
	GlobalSection(SolutionConfigurationPlatforms) = preSolution
		Debug|Any CPU = Debug|Any CPU
		Release|Any CPU = Release|Any CPU
	EndGlobalSection
	GlobalSection(ProjectConfigurationPlatforms) = postSolution
		{FD39B5F2-AE03-44BE-9731-65D6B4B684B7}.Debug|Any CPU.ActiveCfg = Debug|Any CPU
		{FD39B5F2-AE03-44BE-9731-65D6B4B684B7}.Debug|Any CPU.Build.0 = Debug|Any CPU
		{FD39B5F2-AE03-44BE-9731-65D6B4B684B7}.Release|Any CPU.ActiveCfg = Release|Any CPU
		{FD39B5F2-AE03-44BE-9731-65D6B4B684B7}.Release|Any CPU.Build.0 = Release|Any CPU
	EndGlobalSection
EndGlobal
