
Microsoft Visual Studio Solution File, Format Version 12.00
# Visual Studio Version 17
VisualStudioVersion = 17.4.33213.308
MinimumVisualStudioVersion = 10.0.40219.1
Project("{9A19103F-16F7-4668-BE54-9A1E7A4F7556}") = "Cesi-sys-project-V2", "Prog.Sys - Workshop 1 v2\Cesi-sys-project-V2.csproj", "{F4EADAF7-4BD6-4BD1-989F-554DD7DA484F}"
EndProject
Global
	GlobalSection(SolutionConfigurationPlatforms) = preSolution
		Debug|Any CPU = Debug|Any CPU
		Release|Any CPU = Release|Any CPU
	EndGlobalSection
	GlobalSection(ProjectConfigurationPlatforms) = postSolution
		{F4EADAF7-4BD6-4BD1-989F-554DD7DA484F}.Debug|Any CPU.ActiveCfg = Debug|Any CPU
		{F4EADAF7-4BD6-4BD1-989F-554DD7DA484F}.Debug|Any CPU.Build.0 = Debug|Any CPU
		{F4EADAF7-4BD6-4BD1-989F-554DD7DA484F}.Release|Any CPU.ActiveCfg = Release|Any CPU
		{F4EADAF7-4BD6-4BD1-989F-554DD7DA484F}.Release|Any CPU.Build.0 = Release|Any CPU
	EndGlobalSection
	GlobalSection(SolutionProperties) = preSolution
		HideSolutionNode = FALSE
	EndGlobalSection
	GlobalSection(ExtensibilityGlobals) = postSolution
		SolutionGuid = {0CBCAAF7-4397-46AA-A399-09C8FA5748A0}
	EndGlobalSection
EndGlobal
